
Microsoft Visual Studio Solution File, Format Version 12.00
# Visual Studio Version 17
VisualStudioVersion = 17.10.34916.146
MinimumVisualStudioVersion = 10.0.40219.1
Project("{FAE04EC0-301F-11D3-BF4B-00C04F79EFBC}") = "Lecture12", "Lecture12\Lecture12.csproj", "{B94F99AC-64FE-4C86-B966-0DEA90592BCF}"
EndProject
Global
	GlobalSection(SolutionConfigurationPlatforms) = preSolution
		Debug|Any CPU = Debug|Any CPU
		Release|Any CPU = Release|Any CPU
	EndGlobalSection
	GlobalSection(ProjectConfigurationPlatforms) = postSolution
		{B94F99AC-64FE-4C86-B966-0DEA90592BCF}.Debug|Any CPU.ActiveCfg = Debug|Any CPU
		{B94F99AC-64FE-4C86-B966-0DEA90592BCF}.Debug|Any CPU.Build.0 = Debug|Any CPU
		{B94F99AC-64FE-4C86-B966-0DEA90592BCF}.Release|Any CPU.ActiveCfg = Release|Any CPU
		{B94F99AC-64FE-4C86-B966-0DEA90592BCF}.Release|Any CPU.Build.0 = Release|Any CPU
	EndGlobalSection
	GlobalSection(SolutionProperties) = preSolution
		HideSolutionNode = FALSE
	EndGlobalSection
	GlobalSection(ExtensibilityGlobals) = postSolution
		SolutionGuid = {B36FAEA3-3737-4271-9E5E-E706D27F9DBC}
	EndGlobalSection
EndGlobal
